
Microsoft Visual Studio Solution File, Format Version 12.00
# Visual Studio Version 17
VisualStudioVersion = 17.1.32414.318
MinimumVisualStudioVersion = 10.0.40219.1
Project("{FAE04EC0-301F-11D3-BF4B-00C04F79EFBC}") = "testaandoSwitch", "testaandoSwitch\testaandoSwitch.csproj", "{BFC044D0-F597-4224-BFC3-FD256A2EE550}"
EndProject
Project("{FAE04EC0-301F-11D3-BF4B-00C04F79EFBC}") = "JogoFutebol", "JogoFutebol\JogoFutebol.csproj", "{070BC31C-F61F-4752-88E0-E8047226AB49}"
EndProject
Global
	GlobalSection(SolutionConfigurationPlatforms) = preSolution
		Debug|Any CPU = Debug|Any CPU
		Release|Any CPU = Release|Any CPU
	EndGlobalSection
	GlobalSection(ProjectConfigurationPlatforms) = postSolution
		{BFC044D0-F597-4224-BFC3-FD256A2EE550}.Debug|Any CPU.ActiveCfg = Debug|Any CPU
		{BFC044D0-F597-4224-BFC3-FD256A2EE550}.Debug|Any CPU.Build.0 = Debug|Any CPU
		{BFC044D0-F597-4224-BFC3-FD256A2EE550}.Release|Any CPU.ActiveCfg = Release|Any CPU
		{BFC044D0-F597-4224-BFC3-FD256A2EE550}.Release|Any CPU.Build.0 = Release|Any CPU
		{070BC31C-F61F-4752-88E0-E8047226AB49}.Debug|Any CPU.ActiveCfg = Debug|Any CPU
		{070BC31C-F61F-4752-88E0-E8047226AB49}.Debug|Any CPU.Build.0 = Debug|Any CPU
		{070BC31C-F61F-4752-88E0-E8047226AB49}.Release|Any CPU.ActiveCfg = Release|Any CPU
		{070BC31C-F61F-4752-88E0-E8047226AB49}.Release|Any CPU.Build.0 = Release|Any CPU
	EndGlobalSection
	GlobalSection(SolutionProperties) = preSolution
		HideSolutionNode = FALSE
	EndGlobalSection
	GlobalSection(ExtensibilityGlobals) = postSolution
		SolutionGuid = {FE51D8A6-FE2D-49A7-BEB3-EDBE122336DC}
	EndGlobalSection
EndGlobal
