
Microsoft Visual Studio Solution File, Format Version 12.00
# Visual Studio Version 17
VisualStudioVersion = 17.1.32414.318
MinimumVisualStudioVersion = 10.0.40219.1
Project("{FAE04EC0-301F-11D3-BF4B-00C04F79EFBC}") = "CardapioDia10", "CardapioDia10\CardapioDia10.csproj", "{80E65C74-95E6-4993-8589-ABB8AB5F052A}"
EndProject
Global
	GlobalSection(SolutionConfigurationPlatforms) = preSolution
		Debug|Any CPU = Debug|Any CPU
		Release|Any CPU = Release|Any CPU
	EndGlobalSection
	GlobalSection(ProjectConfigurationPlatforms) = postSolution
		{80E65C74-95E6-4993-8589-ABB8AB5F052A}.Debug|Any CPU.ActiveCfg = Debug|Any CPU
		{80E65C74-95E6-4993-8589-ABB8AB5F052A}.Debug|Any CPU.Build.0 = Debug|Any CPU
		{80E65C74-95E6-4993-8589-ABB8AB5F052A}.Release|Any CPU.ActiveCfg = Release|Any CPU
		{80E65C74-95E6-4993-8589-ABB8AB5F052A}.Release|Any CPU.Build.0 = Release|Any CPU
	EndGlobalSection
	GlobalSection(SolutionProperties) = preSolution
		HideSolutionNode = FALSE
	EndGlobalSection
	GlobalSection(ExtensibilityGlobals) = postSolution
		SolutionGuid = {B99E6A42-E951-4358-8A70-1DAB26F620BD}
	EndGlobalSection
EndGlobal
